
Microsoft Visual Studio Solution File, Format Version 12.00
# Visual Studio 15
VisualStudioVersion = 15.0.28307.645
MinimumVisualStudioVersion = 10.0.40219.1
Project("{FAE04EC0-301F-11D3-BF4B-00C04F79EFBC}") = "GoodPlays.Android", "GoodPlays\GoodPlays.Android\GoodPlays.Android.csproj", "{830A5305-71A1-4C71-999A-90E83DE4AA49}"
EndProject
Project("{FAE04EC0-301F-11D3-BF4B-00C04F79EFBC}") = "GoodPlays.iOS", "GoodPlays\GoodPlays.iOS\GoodPlays.iOS.csproj", "{07F62E2C-30FE-4AF3-A7E9-DE19415E7256}"
EndProject
Project("{FAE04EC0-301F-11D3-BF4B-00C04F79EFBC}") = "GoodPlays", "GoodPlays\GoodPlays\GoodPlays.csproj", "{A5786690-CC33-4E08-AD40-2C07DBFD1CD6}"
EndProject
Project("{FAE04EC0-301F-11D3-BF4B-00C04F79EFBC}") = "GoodPlaysLib", "GoodPlaysLib\GoodPlaysLib.csproj", "{22CACFCF-4B3B-4A6E-9964-E00C715971AF}"
EndProject
Global
	GlobalSection(SolutionConfigurationPlatforms) = preSolution
		Ad-Hoc|Any CPU = Ad-Hoc|Any CPU
		Ad-Hoc|iPhone = Ad-Hoc|iPhone
		Ad-Hoc|iPhoneSimulator = Ad-Hoc|iPhoneSimulator
		AppStore|Any CPU = AppStore|Any CPU
		AppStore|iPhone = AppStore|iPhone
		AppStore|iPhoneSimulator = AppStore|iPhoneSimulator
		Debug|Any CPU = Debug|Any CPU
		Debug|iPhone = Debug|iPhone
		Debug|iPhoneSimulator = Debug|iPhoneSimulator
		Release|Any CPU = Release|Any CPU
		Release|iPhone = Release|iPhone
		Release|iPhoneSimulator = Release|iPhoneSimulator
	EndGlobalSection
	GlobalSection(ProjectConfigurationPlatforms) = postSolution
		{830A5305-71A1-4C71-999A-90E83DE4AA49}.Ad-Hoc|Any CPU.ActiveCfg = Release|Any CPU
		{830A5305-71A1-4C71-999A-90E83DE4AA49}.Ad-Hoc|Any CPU.Build.0 = Release|Any CPU
		{830A5305-71A1-4C71-999A-90E83DE4AA49}.Ad-Hoc|Any CPU.Deploy.0 = Release|Any CPU
		{830A5305-71A1-4C71-999A-90E83DE4AA49}.Ad-Hoc|iPhone.ActiveCfg = Release|Any CPU
		{830A5305-71A1-4C71-999A-90E83DE4AA49}.Ad-Hoc|iPhone.Build.0 = Release|Any CPU
		{830A5305-71A1-4C71-999A-90E83DE4AA49}.Ad-Hoc|iPhone.Deploy.0 = Release|Any CPU
		{830A5305-71A1-4C71-999A-90E83DE4AA49}.Ad-Hoc|iPhoneSimulator.ActiveCfg = Release|Any CPU
		{830A5305-71A1-4C71-999A-90E83DE4AA49}.Ad-Hoc|iPhoneSimulator.Build.0 = Release|Any CPU
		{830A5305-71A1-4C71-999A-90E83DE4AA49}.Ad-Hoc|iPhoneSimulator.Deploy.0 = Release|Any CPU
		{830A5305-71A1-4C71-999A-90E83DE4AA49}.AppStore|Any CPU.ActiveCfg = Release|Any CPU
		{830A5305-71A1-4C71-999A-90E83DE4AA49}.AppStore|Any CPU.Build.0 = Release|Any CPU
		{830A5305-71A1-4C71-999A-90E83DE4AA49}.AppStore|Any CPU.Deploy.0 = Release|Any CPU
		{830A5305-71A1-4C71-999A-90E83DE4AA49}.AppStore|iPhone.ActiveCfg = Release|Any CPU
		{830A5305-71A1-4C71-999A-90E83DE4AA49}.AppStore|iPhone.Build.0 = Release|Any CPU
		{830A5305-71A1-4C71-999A-90E83DE4AA49}.AppStore|iPhone.Deploy.0 = Release|Any CPU
		{830A5305-71A1-4C71-999A-90E83DE4AA49}.AppStore|iPhoneSimulator.ActiveCfg = Release|Any CPU
		{830A5305-71A1-4C71-999A-90E83DE4AA49}.AppStore|iPhoneSimulator.Build.0 = Release|Any CPU
		{830A5305-71A1-4C71-999A-90E83DE4AA49}.AppStore|iPhoneSimulator.Deploy.0 = Release|Any CPU
		{830A5305-71A1-4C71-999A-90E83DE4AA49}.Debug|Any CPU.ActiveCfg = Debug|Any CPU
		{830A5305-71A1-4C71-999A-90E83DE4AA49}.Debug|Any CPU.Build.0 = Debug|Any CPU
		{830A5305-71A1-4C71-999A-90E83DE4AA49}.Debug|Any CPU.Deploy.0 = Debug|Any CPU
		{830A5305-71A1-4C71-999A-90E83DE4AA49}.Debug|iPhone.ActiveCfg = Debug|Any CPU
		{830A5305-71A1-4C71-999A-90E83DE4AA49}.Debug|iPhone.Build.0 = Debug|Any CPU
		{830A5305-71A1-4C71-999A-90E83DE4AA49}.Debug|iPhone.Deploy.0 = Debug|Any CPU
		{830A5305-71A1-4C71-999A-90E83DE4AA49}.Debug|iPhoneSimulator.ActiveCfg = Debug|Any CPU
		{830A5305-71A1-4C71-999A-90E83DE4AA49}.Debug|iPhoneSimulator.Build.0 = Debug|Any CPU
		{830A5305-71A1-4C71-999A-90E83DE4AA49}.Debug|iPhoneSimulator.Deploy.0 = Debug|Any CPU
		{830A5305-71A1-4C71-999A-90E83DE4AA49}.Release|Any CPU.ActiveCfg = Release|Any CPU
		{830A5305-71A1-4C71-999A-90E83DE4AA49}.Release|Any CPU.Build.0 = Release|Any CPU
		{830A5305-71A1-4C71-999A-90E83DE4AA49}.Release|Any CPU.Deploy.0 = Release|Any CPU
		{830A5305-71A1-4C71-999A-90E83DE4AA49}.Release|iPhone.ActiveCfg = Release|Any CPU
		{830A5305-71A1-4C71-999A-90E83DE4AA49}.Release|iPhone.Build.0 = Release|Any CPU
		{830A5305-71A1-4C71-999A-90E83DE4AA49}.Release|iPhone.Deploy.0 = Release|Any CPU
		{830A5305-71A1-4C71-999A-90E83DE4AA49}.Release|iPhoneSimulator.ActiveCfg = Release|Any CPU
		{830A5305-71A1-4C71-999A-90E83DE4AA49}.Release|iPhoneSimulator.Build.0 = Release|Any CPU
		{830A5305-71A1-4C71-999A-90E83DE4AA49}.Release|iPhoneSimulator.Deploy.0 = Release|Any CPU
		{07F62E2C-30FE-4AF3-A7E9-DE19415E7256}.Ad-Hoc|Any CPU.ActiveCfg = Ad-Hoc|iPhone
		{07F62E2C-30FE-4AF3-A7E9-DE19415E7256}.Ad-Hoc|Any CPU.Build.0 = Ad-Hoc|iPhone
		{07F62E2C-30FE-4AF3-A7E9-DE19415E7256}.Ad-Hoc|Any CPU.Deploy.0 = Ad-Hoc|iPhone
		{07F62E2C-30FE-4AF3-A7E9-DE19415E7256}.Ad-Hoc|iPhone.ActiveCfg = Ad-Hoc|iPhone
		{07F62E2C-30FE-4AF3-A7E9-DE19415E7256}.Ad-Hoc|iPhone.Build.0 = Ad-Hoc|iPhone
		{07F62E2C-30FE-4AF3-A7E9-DE19415E7256}.Ad-Hoc|iPhone.Deploy.0 = Ad-Hoc|iPhone
		{07F62E2C-30FE-4AF3-A7E9-DE19415E7256}.Ad-Hoc|iPhoneSimulator.ActiveCfg = Ad-Hoc|iPhoneSimulator
		{07F62E2C-30FE-4AF3-A7E9-DE19415E7256}.Ad-Hoc|iPhoneSimulator.Build.0 = Ad-Hoc|iPhoneSimulator
		{07F62E2C-30FE-4AF3-A7E9-DE19415E7256}.Ad-Hoc|iPhoneSimulator.Deploy.0 = Ad-Hoc|iPhoneSimulator
		{07F62E2C-30FE-4AF3-A7E9-DE19415E7256}.AppStore|Any CPU.ActiveCfg = AppStore|iPhone
		{07F62E2C-30FE-4AF3-A7E9-DE19415E7256}.AppStore|Any CPU.Build.0 = AppStore|iPhone
		{07F62E2C-30FE-4AF3-A7E9-DE19415E7256}.AppStore|Any CPU.Deploy.0 = AppStore|iPhone
		{07F62E2C-30FE-4AF3-A7E9-DE19415E7256}.AppStore|iPhone.ActiveCfg = AppStore|iPhone
		{07F62E2C-30FE-4AF3-A7E9-DE19415E7256}.AppStore|iPhone.Build.0 = AppStore|iPhone
		{07F62E2C-30FE-4AF3-A7E9-DE19415E7256}.AppStore|iPhone.Deploy.0 = AppStore|iPhone
		{07F62E2C-30FE-4AF3-A7E9-DE19415E7256}.AppStore|iPhoneSimulator.ActiveCfg = AppStore|iPhoneSimulator
		{07F62E2C-30FE-4AF3-A7E9-DE19415E7256}.AppStore|iPhoneSimulator.Build.0 = AppStore|iPhoneSimulator
		{07F62E2C-30FE-4AF3-A7E9-DE19415E7256}.AppStore|iPhoneSimulator.Deploy.0 = AppStore|iPhoneSimulator
		{07F62E2C-30FE-4AF3-A7E9-DE19415E7256}.Debug|Any CPU.ActiveCfg = Debug|iPhoneSimulator
		{07F62E2C-30FE-4AF3-A7E9-DE19415E7256}.Debug|Any CPU.Build.0 = Debug|iPhoneSimulator
		{07F62E2C-30FE-4AF3-A7E9-DE19415E7256}.Debug|Any CPU.Deploy.0 = Debug|iPhoneSimulator
		{07F62E2C-30FE-4AF3-A7E9-DE19415E7256}.Debug|iPhone.ActiveCfg = Debug|iPhone
		{07F62E2C-30FE-4AF3-A7E9-DE19415E7256}.Debug|iPhone.Build.0 = Debug|iPhone
		{07F62E2C-30FE-4AF3-A7E9-DE19415E7256}.Debug|iPhone.Deploy.0 = Debug|iPhone
		{07F62E2C-30FE-4AF3-A7E9-DE19415E7256}.Debug|iPhoneSimulator.ActiveCfg = Debug|iPhoneSimulator
		{07F62E2C-30FE-4AF3-A7E9-DE19415E7256}.Debug|iPhoneSimulator.Build.0 = Debug|iPhoneSimulator
		{07F62E2C-30FE-4AF3-A7E9-DE19415E7256}.Debug|iPhoneSimulator.Deploy.0 = Debug|iPhoneSimulator
		{07F62E2C-30FE-4AF3-A7E9-DE19415E7256}.Release|Any CPU.ActiveCfg = Release|iPhone
		{07F62E2C-30FE-4AF3-A7E9-DE19415E7256}.Release|Any CPU.Build.0 = Release|iPhone
		{07F62E2C-30FE-4AF3-A7E9-DE19415E7256}.Release|Any CPU.Deploy.0 = Release|iPhone
		{07F62E2C-30FE-4AF3-A7E9-DE19415E7256}.Release|iPhone.ActiveCfg = Release|iPhone
		{07F62E2C-30FE-4AF3-A7E9-DE19415E7256}.Release|iPhone.Build.0 = Release|iPhone
		{07F62E2C-30FE-4AF3-A7E9-DE19415E7256}.Release|iPhone.Deploy.0 = Release|iPhone
		{07F62E2C-30FE-4AF3-A7E9-DE19415E7256}.Release|iPhoneSimulator.ActiveCfg = Release|iPhoneSimulator
		{07F62E2C-30FE-4AF3-A7E9-DE19415E7256}.Release|iPhoneSimulator.Build.0 = Release|iPhoneSimulator
		{07F62E2C-30FE-4AF3-A7E9-DE19415E7256}.Release|iPhoneSimulator.Deploy.0 = Release|iPhoneSimulator
		{A5786690-CC33-4E08-AD40-2C07DBFD1CD6}.Ad-Hoc|Any CPU.ActiveCfg = Debug|Any CPU
		{A5786690-CC33-4E08-AD40-2C07DBFD1CD6}.Ad-Hoc|Any CPU.Build.0 = Debug|Any CPU
		{A5786690-CC33-4E08-AD40-2C07DBFD1CD6}.Ad-Hoc|Any CPU.Deploy.0 = Debug|Any CPU
		{A5786690-CC33-4E08-AD40-2C07DBFD1CD6}.Ad-Hoc|iPhone.ActiveCfg = Debug|Any CPU
		{A5786690-CC33-4E08-AD40-2C07DBFD1CD6}.Ad-Hoc|iPhone.Build.0 = Debug|Any CPU
		{A5786690-CC33-4E08-AD40-2C07DBFD1CD6}.Ad-Hoc|iPhone.Deploy.0 = Debug|Any CPU
		{A5786690-CC33-4E08-AD40-2C07DBFD1CD6}.Ad-Hoc|iPhoneSimulator.ActiveCfg = Debug|Any CPU
		{A5786690-CC33-4E08-AD40-2C07DBFD1CD6}.Ad-Hoc|iPhoneSimulator.Build.0 = Debug|Any CPU
		{A5786690-CC33-4E08-AD40-2C07DBFD1CD6}.Ad-Hoc|iPhoneSimulator.Deploy.0 = Debug|Any CPU
		{A5786690-CC33-4E08-AD40-2C07DBFD1CD6}.AppStore|Any CPU.ActiveCfg = Debug|Any CPU
		{A5786690-CC33-4E08-AD40-2C07DBFD1CD6}.AppStore|Any CPU.Build.0 = Debug|Any CPU
		{A5786690-CC33-4E08-AD40-2C07DBFD1CD6}.AppStore|Any CPU.Deploy.0 = Debug|Any CPU
		{A5786690-CC33-4E08-AD40-2C07DBFD1CD6}.AppStore|iPhone.ActiveCfg = Debug|Any CPU
		{A5786690-CC33-4E08-AD40-2C07DBFD1CD6}.AppStore|iPhone.Build.0 = Debug|Any CPU
		{A5786690-CC33-4E08-AD40-2C07DBFD1CD6}.AppStore|iPhone.Deploy.0 = Debug|Any CPU
		{A5786690-CC33-4E08-AD40-2C07DBFD1CD6}.AppStore|iPhoneSimulator.ActiveCfg = Debug|Any CPU
		{A5786690-CC33-4E08-AD40-2C07DBFD1CD6}.AppStore|iPhoneSimulator.Build.0 = Debug|Any CPU
		{A5786690-CC33-4E08-AD40-2C07DBFD1CD6}.AppStore|iPhoneSimulator.Deploy.0 = Debug|Any CPU
		{A5786690-CC33-4E08-AD40-2C07DBFD1CD6}.Debug|Any CPU.ActiveCfg = Debug|Any CPU
		{A5786690-CC33-4E08-AD40-2C07DBFD1CD6}.Debug|Any CPU.Build.0 = Debug|Any CPU
		{A5786690-CC33-4E08-AD40-2C07DBFD1CD6}.Debug|Any CPU.Deploy.0 = Debug|Any CPU
		{A5786690-CC33-4E08-AD40-2C07DBFD1CD6}.Debug|iPhone.ActiveCfg = Debug|Any CPU
		{A5786690-CC33-4E08-AD40-2C07DBFD1CD6}.Debug|iPhone.Build.0 = Debug|Any CPU
		{A5786690-CC33-4E08-AD40-2C07DBFD1CD6}.Debug|iPhone.Deploy.0 = Debug|Any CPU
		{A5786690-CC33-4E08-AD40-2C07DBFD1CD6}.Debug|iPhoneSimulator.ActiveCfg = Debug|Any CPU
		{A5786690-CC33-4E08-AD40-2C07DBFD1CD6}.Debug|iPhoneSimulator.Build.0 = Debug|Any CPU
		{A5786690-CC33-4E08-AD40-2C07DBFD1CD6}.Debug|iPhoneSimulator.Deploy.0 = Debug|Any CPU
		{A5786690-CC33-4E08-AD40-2C07DBFD1CD6}.Release|Any CPU.ActiveCfg = Release|Any CPU
		{A5786690-CC33-4E08-AD40-2C07DBFD1CD6}.Release|Any CPU.Build.0 = Release|Any CPU
		{A5786690-CC33-4E08-AD40-2C07DBFD1CD6}.Release|Any CPU.Deploy.0 = Release|Any CPU
		{A5786690-CC33-4E08-AD40-2C07DBFD1CD6}.Release|iPhone.ActiveCfg = Release|Any CPU
		{A5786690-CC33-4E08-AD40-2C07DBFD1CD6}.Release|iPhone.Build.0 = Release|Any CPU
		{A5786690-CC33-4E08-AD40-2C07DBFD1CD6}.Release|iPhone.Deploy.0 = Release|Any CPU
		{A5786690-CC33-4E08-AD40-2C07DBFD1CD6}.Release|iPhoneSimulator.ActiveCfg = Release|Any CPU
		{A5786690-CC33-4E08-AD40-2C07DBFD1CD6}.Release|iPhoneSimulator.Build.0 = Release|Any CPU
		{A5786690-CC33-4E08-AD40-2C07DBFD1CD6}.Release|iPhoneSimulator.Deploy.0 = Release|Any CPU
		{22CACFCF-4B3B-4A6E-9964-E00C715971AF}.Ad-Hoc|Any CPU.ActiveCfg = Debug|Any CPU
		{22CACFCF-4B3B-4A6E-9964-E00C715971AF}.Ad-Hoc|Any CPU.Build.0 = Debug|Any CPU
		{22CACFCF-4B3B-4A6E-9964-E00C715971AF}.Ad-Hoc|iPhone.ActiveCfg = Debug|Any CPU
		{22CACFCF-4B3B-4A6E-9964-E00C715971AF}.Ad-Hoc|iPhone.Build.0 = Debug|Any CPU
		{22CACFCF-4B3B-4A6E-9964-E00C715971AF}.Ad-Hoc|iPhoneSimulator.ActiveCfg = Debug|Any CPU
		{22CACFCF-4B3B-4A6E-9964-E00C715971AF}.Ad-Hoc|iPhoneSimulator.Build.0 = Debug|Any CPU
		{22CACFCF-4B3B-4A6E-9964-E00C715971AF}.AppStore|Any CPU.ActiveCfg = Debug|Any CPU
		{22CACFCF-4B3B-4A6E-9964-E00C715971AF}.AppStore|Any CPU.Build.0 = Debug|Any CPU
		{22CACFCF-4B3B-4A6E-9964-E00C715971AF}.AppStore|iPhone.ActiveCfg = Debug|Any CPU
		{22CACFCF-4B3B-4A6E-9964-E00C715971AF}.AppStore|iPhone.Build.0 = Debug|Any CPU
		{22CACFCF-4B3B-4A6E-9964-E00C715971AF}.AppStore|iPhoneSimulator.ActiveCfg = Debug|Any CPU
		{22CACFCF-4B3B-4A6E-9964-E00C715971AF}.AppStore|iPhoneSimulator.Build.0 = Debug|Any CPU
		{22CACFCF-4B3B-4A6E-9964-E00C715971AF}.Debug|Any CPU.ActiveCfg = Debug|Any CPU
		{22CACFCF-4B3B-4A6E-9964-E00C715971AF}.Debug|Any CPU.Build.0 = Debug|Any CPU
		{22CACFCF-4B3B-4A6E-9964-E00C715971AF}.Debug|iPhone.ActiveCfg = Debug|Any CPU
		{22CACFCF-4B3B-4A6E-9964-E00C715971AF}.Debug|iPhone.Build.0 = Debug|Any CPU
		{22CACFCF-4B3B-4A6E-9964-E00C715971AF}.Debug|iPhoneSimulator.ActiveCfg = Debug|Any CPU
		{22CACFCF-4B3B-4A6E-9964-E00C715971AF}.Debug|iPhoneSimulator.Build.0 = Debug|Any CPU
		{22CACFCF-4B3B-4A6E-9964-E00C715971AF}.Release|Any CPU.ActiveCfg = Release|Any CPU
		{22CACFCF-4B3B-4A6E-9964-E00C715971AF}.Release|Any CPU.Build.0 = Release|Any CPU
		{22CACFCF-4B3B-4A6E-9964-E00C715971AF}.Release|iPhone.ActiveCfg = Release|Any CPU
		{22CACFCF-4B3B-4A6E-9964-E00C715971AF}.Release|iPhone.Build.0 = Release|Any CPU
		{22CACFCF-4B3B-4A6E-9964-E00C715971AF}.Release|iPhoneSimulator.ActiveCfg = Release|Any CPU
		{22CACFCF-4B3B-4A6E-9964-E00C715971AF}.Release|iPhoneSimulator.Build.0 = Release|Any CPU
	EndGlobalSection
	GlobalSection(SolutionProperties) = preSolution
		HideSolutionNode = FALSE
	EndGlobalSection
	GlobalSection(ExtensibilityGlobals) = postSolution
		SolutionGuid = {CCDE885A-CE27-4CD5-85C8-03533CAD95CC}
	EndGlobalSection
EndGlobal
